
Microsoft Visual Studio Solution File, Format Version 12.00
# Visual Studio 15
VisualStudioVersion = 15.0.28010.2036
MinimumVisualStudioVersion = 10.0.40219.1
Project("{FAE04EC0-301F-11D3-BF4B-00C04F79EFBC}") = "DataAnnotations", "DataAnnotations\DataAnnotations.csproj", "{AEB3F793-6861-48C0-83E8-FDFD1E0F54B3}"
EndProject
Global
	GlobalSection(SolutionConfigurationPlatforms) = preSolution
		Debug|Any CPU = Debug|Any CPU
		Release|Any CPU = Release|Any CPU
	EndGlobalSection
	GlobalSection(ProjectConfigurationPlatforms) = postSolution
		{AEB3F793-6861-48C0-83E8-FDFD1E0F54B3}.Debug|Any CPU.ActiveCfg = Debug|Any CPU
		{AEB3F793-6861-48C0-83E8-FDFD1E0F54B3}.Debug|Any CPU.Build.0 = Debug|Any CPU
		{AEB3F793-6861-48C0-83E8-FDFD1E0F54B3}.Release|Any CPU.ActiveCfg = Release|Any CPU
		{AEB3F793-6861-48C0-83E8-FDFD1E0F54B3}.Release|Any CPU.Build.0 = Release|Any CPU
	EndGlobalSection
	GlobalSection(SolutionProperties) = preSolution
		HideSolutionNode = FALSE
	EndGlobalSection
	GlobalSection(ExtensibilityGlobals) = postSolution
		SolutionGuid = {BD684299-3D4B-42D8-8C7B-B7BE6F25DF0F}
	EndGlobalSection
EndGlobal
